// !$*UTF8*$!
{
	archiveVersion = 1;
	classes = {
	};
	objectVersion = 48;
	objects = {

/* Begin PBXBuildFile section */
		AEF9079A1FB063FC005EA164 /* AppDelegate.swift in Sources */ = {isa = PBXBuildFile; fileRef = AEF907991FB063FC005EA164 /* AppDelegate.swift */; };
		AEF9079C1FB063FC005EA164 /* UserTVC.swift in Sources */ = {isa = PBXBuildFile; fileRef = AEF9079B1FB063FC005EA164 /* UserTVC.swift */; };
		AEF9079F1FB063FC005EA164 /* Main.storyboard in Resources */ = {isa = PBXBuildFile; fileRef = AEF9079D1FB063FC005EA164 /* Main.storyboard */; };
		AEF907A11FB063FC005EA164 /* Assets.xcassets in Resources */ = {isa = PBXBuildFile; fileRef = AEF907A01FB063FC005EA164 /* Assets.xcassets */; };
		AEF907A41FB063FC005EA164 /* LaunchScreen.storyboard in Resources */ = {isa = PBXBuildFile; fileRef = AEF907A21FB063FC005EA164 /* LaunchScreen.storyboard */; };
		AEF907AD1FB065CE005EA164 /* RandomUserService.swift in Sources */ = {isa = PBXBuildFile; fileRef = AEF907AC1FB065CE005EA164 /* RandomUserService.swift */; };
		AEF907B01FB0666E005EA164 /* User.swift in Sources */ = {isa = PBXBuildFile; fileRef = AEF907AF1FB0666E005EA164 /* User.swift */; };
		AEF907B31FB06698005EA164 /* Database.swift in Sources */ = {isa = PBXBuildFile; fileRef = AEF907B21FB06698005EA164 /* Database.swift */; };
		BE9617F532CC47DF410D9549 /* Pods_ContactsApp.framework in Frameworks */ = {isa = PBXBuildFile; fileRef = 54DB39AADC1C8F6257A8E103 /* Pods_ContactsApp.framework */; };
/* End PBXBuildFile section */

/* Begin PBXFileReference section */
		476D228D6A9A0774F39F4D9B /* Pods-ContactsApp.release.xcconfig */ = {isa = PBXFileReference; includeInIndex = 1; lastKnownFileType = text.xcconfig; name = "Pods-ContactsApp.release.xcconfig"; path = "Pods/Target Support Files/Pods-ContactsApp/Pods-ContactsApp.release.xcconfig"; sourceTree = "<group>"; };
		54DB39AADC1C8F6257A8E103 /* Pods_ContactsApp.framework */ = {isa = PBXFileReference; explicitFileType = wrapper.framework; includeInIndex = 0; path = Pods_ContactsApp.framework; sourceTree = BUILT_PRODUCTS_DIR; };
		AAAE25617EEC2D3B3FA13A4D /* Pods-ContactsApp.debug.xcconfig */ = {isa = PBXFileReference; includeInIndex = 1; lastKnownFileType = text.xcconfig; name = "Pods-ContactsApp.debug.xcconfig"; path = "Pods/Target Support Files/Pods-ContactsApp/Pods-ContactsApp.debug.xcconfig"; sourceTree = "<group>"; };
		AEF907961FB063FC005EA164 /* ContactsApp.app */ = {isa = PBXFileReference; explicitFileType = wrapper.application; includeInIndex = 0; path = ContactsApp.app; sourceTree = BUILT_PRODUCTS_DIR; };
		AEF907991FB063FC005EA164 /* AppDelegate.swift */ = {isa = PBXFileReference; lastKnownFileType = sourcecode.swift; path = AppDelegate.swift; sourceTree = "<group>"; };
		AEF9079B1FB063FC005EA164 /* UserTVC.swift */ = {isa = PBXFileReference; lastKnownFileType = sourcecode.swift; path = UserTVC.swift; sourceTree = "<group>"; };
		AEF9079E1FB063FC005EA164 /* Base */ = {isa = PBXFileReference; lastKnownFileType = file.storyboard; name = Base; path = Base.lproj/Main.storyboard; sourceTree = "<group>"; };
		AEF907A01FB063FC005EA164 /* Assets.xcassets */ = {isa = PBXFileReference; lastKnownFileType = folder.assetcatalog; path = Assets.xcassets; sourceTree = "<group>"; };
		AEF907A31FB063FC005EA164 /* Base */ = {isa = PBXFileReference; lastKnownFileType = file.storyboard; name = Base; path = Base.lproj/LaunchScreen.storyboard; sourceTree = "<group>"; };
		AEF907A51FB063FC005EA164 /* Info.plist */ = {isa = PBXFileReference; lastKnownFileType = text.plist.xml; path = Info.plist; sourceTree = "<group>"; };
		AEF907AC1FB065CE005EA164 /* RandomUserService.swift */ = {isa = PBXFileReference; lastKnownFileType = sourcecode.swift; path = RandomUserService.swift; sourceTree = "<group>"; };
		AEF907AF1FB0666E005EA164 /* User.swift */ = {isa = PBXFileReference; lastKnownFileType = sourcecode.swift; path = User.swift; sourceTree = "<group>"; };
		AEF907B21FB06698005EA164 /* Database.swift */ = {isa = PBXFileReference; lastKnownFileType = sourcecode.swift; path = Database.swift; sourceTree = "<group>"; };
/* End PBXFileReference section */

/* Begin PBXFrameworksBuildPhase section */
		AEF907931FB063FC005EA164 /* Frameworks */ = {
			isa = PBXFrameworksBuildPhase;
			buildActionMask = 2147483647;
			files = (
				BE9617F532CC47DF410D9549 /* Pods_ContactsApp.framework in Frameworks */,
			);
			runOnlyForDeploymentPostprocessing = 0;
		};
/* End PBXFrameworksBuildPhase section */

/* Begin PBXGroup section */
		4A9F5B0B4224BBBBFDAFA284 /* Frameworks */ = {
			isa = PBXGroup;
			children = (
				54DB39AADC1C8F6257A8E103 /* Pods_ContactsApp.framework */,
			);
			name = Frameworks;
			sourceTree = "<group>";
		};
		AEF9078D1FB063FC005EA164 = {
			isa = PBXGroup;
			children = (
				AEF907981FB063FC005EA164 /* ContactsApp */,
				AEF907971FB063FC005EA164 /* Products */,
				FE0993734593FE502A037F0A /* Pods */,
				4A9F5B0B4224BBBBFDAFA284 /* Frameworks */,
			);
			sourceTree = "<group>";
		};
		AEF907971FB063FC005EA164 /* Products */ = {
			isa = PBXGroup;
			children = (
				AEF907961FB063FC005EA164 /* ContactsApp.app */,
			);
			name = Products;
			sourceTree = "<group>";
		};
		AEF907981FB063FC005EA164 /* ContactsApp */ = {
			isa = PBXGroup;
			children = (
				AEF907B11FB06687005EA164 /* Database */,
				AEF907AE1FB06663005EA164 /* Model */,
				AEF907AB1FB065BB005EA164 /* Service */,
				AEF907991FB063FC005EA164 /* AppDelegate.swift */,
				AEF9079B1FB063FC005EA164 /* UserTVC.swift */,
				AEF9079D1FB063FC005EA164 /* Main.storyboard */,
				AEF907A01FB063FC005EA164 /* Assets.xcassets */,
				AEF907A21FB063FC005EA164 /* LaunchScreen.storyboard */,
				AEF907A51FB063FC005EA164 /* Info.plist */,
			);
			path = ContactsApp;
			sourceTree = "<group>";
		};
		AEF907AB1FB065BB005EA164 /* Service */ = {
			isa = PBXGroup;
			children = (
				AEF907AC1FB065CE005EA164 /* RandomUserService.swift */,
			);
			path = Service;
			sourceTree = "<group>";
		};
		AEF907AE1FB06663005EA164 /* Model */ = {
			isa = PBXGroup;
			children = (
				AEF907AF1FB0666E005EA164 /* User.swift */,
			);
			path = Model;
			sourceTree = "<group>";
		};
		AEF907B11FB06687005EA164 /* Database */ = {
			isa = PBXGroup;
			children = (
				AEF907B21FB06698005EA164 /* Database.swift */,
			);
			path = Database;
			sourceTree = "<group>";
		};
		FE0993734593FE502A037F0A /* Pods */ = {
			isa = PBXGroup;
			children = (
				AAAE25617EEC2D3B3FA13A4D /* Pods-ContactsApp.debug.xcconfig */,
				476D228D6A9A0774F39F4D9B /* Pods-ContactsApp.release.xcconfig */,
			);
			name = Pods;
			sourceTree = "<group>";
		};
/* End PBXGroup section */

/* Begin PBXNativeTarget section */
		AEF907951FB063FC005EA164 /* ContactsApp */ = {
			isa = PBXNativeTarget;
			buildConfigurationList = AEF907A81FB063FC005EA164 /* Build configuration list for PBXNativeTarget "ContactsApp" */;
			buildPhases = (
				223E716E59DC36A56BC7585B /* [CP] Check Pods Manifest.lock */,
				AEF907921FB063FC005EA164 /* Sources */,
				AEF907931FB063FC005EA164 /* Frameworks */,
				AEF907941FB063FC005EA164 /* Resources */,
				634CE07F07F80471E22D361E /* [CP] Embed Pods Frameworks */,
				644F2D9766CA7B63D9E59A53 /* [CP] Copy Pods Resources */,
			);
			buildRules = (
			);
			dependencies = (
			);
			name = ContactsApp;
			productName = ContactsApp;
			productReference = AEF907961FB063FC005EA164 /* ContactsApp.app */;
			productType = "com.apple.product-type.application";
		};
/* End PBXNativeTarget section */

/* Begin PBXProject section */
		AEF9078E1FB063FC005EA164 /* Project object */ = {
			isa = PBXProject;
			attributes = {
				LastSwiftUpdateCheck = 0910;
				LastUpgradeCheck = 0910;
				ORGANIZATIONNAME = "Артем Б";
				TargetAttributes = {
					AEF907951FB063FC005EA164 = {
						CreatedOnToolsVersion = 9.1;
						ProvisioningStyle = Automatic;
					};
				};
			};
			buildConfigurationList = AEF907911FB063FC005EA164 /* Build configuration list for PBXProject "ContactsApp" */;
			compatibilityVersion = "Xcode 8.0";
			developmentRegion = en;
			hasScannedForEncodings = 0;
			knownRegions = (
				en,
				Base,
			);
			mainGroup = AEF9078D1FB063FC005EA164;
			productRefGroup = AEF907971FB063FC005EA164 /* Products */;
			projectDirPath = "";
			projectRoot = "";
			targets = (
				AEF907951FB063FC005EA164 /* ContactsApp */,
			);
		};
/* End PBXProject section */

/* Begin PBXResourcesBuildPhase section */
		AEF907941FB063FC005EA164 /* Resources */ = {
			isa = PBXResourcesBuildPhase;
			buildActionMask = 2147483647;
			files = (
				AEF907A41FB063FC005EA164 /* LaunchScreen.storyboard in Resources */,
				AEF907A11FB063FC005EA164 /* Assets.xcassets in Resources */,
				AEF9079F1FB063FC005EA164 /* Main.storyboard in Resources */,
			);
			runOnlyForDeploymentPostprocessing = 0;
		};
/* End PBXResourcesBuildPhase section */

/* Begin PBXShellScriptBuildPhase section */
		223E716E59DC36A56BC7585B /* [CP] Check Pods Manifest.lock */ = {
			isa = PBXShellScriptBuildPhase;
			buildActionMask = 2147483647;
			files = (
			);
			inputPaths = (
				"${PODS_PODFILE_DIR_PATH}/Podfile.lock",
				"${PODS_ROOT}/Manifest.lock",
			);
			name = "[CP] Check Pods Manifest.lock";
			outputPaths = (
				"$(DERIVED_FILE_DIR)/Pods-ContactsApp-checkManifestLockResult.txt",
			);
			runOnlyForDeploymentPostprocessing = 0;
			shellPath = /bin/sh;
			shellScript = "diff \"${PODS_PODFILE_DIR_PATH}/Podfile.lock\" \"${PODS_ROOT}/Manifest.lock\" > /dev/null\nif [ $? != 0 ] ; then\n    # print error to STDERR\n    echo \"error: The sandbox is not in sync with the Podfile.lock. Run 'pod install' or update your CocoaPods installation.\" >&2\n    exit 1\nfi\n# This output is used by Xcode 'outputs' to avoid re-running this script phase.\necho \"SUCCESS\" > \"${SCRIPT_OUTPUT_FILE_0}\"\n";
			showEnvVarsInLog = 0;
		};
		634CE07F07F80471E22D361E /* [CP] Embed Pods Frameworks */ = {
			isa = PBXShellScriptBuildPhase;
			buildActionMask = 2147483647;
			files = (
			);
			inputPaths = (
				"${SRCROOT}/Pods/Target Support Files/Pods-ContactsApp/Pods-ContactsApp-frameworks.sh",
				"${BUILT_PRODUCTS_DIR}/Alamofire/Alamofire.framework",
				"${BUILT_PRODUCTS_DIR}/GRDB.swift/GRDB.framework",
				"${BUILT_PRODUCTS_DIR}/SwiftyJSON/SwiftyJSON.framework",
			);
			name = "[CP] Embed Pods Frameworks";
			outputPaths = (
				"${TARGET_BUILD_DIR}/${FRAMEWORKS_FOLDER_PATH}/Alamofire.framework",
				"${TARGET_BUILD_DIR}/${FRAMEWORKS_FOLDER_PATH}/GRDB.framework",
				"${TARGET_BUILD_DIR}/${FRAMEWORKS_FOLDER_PATH}/SwiftyJSON.framework",
			);
			runOnlyForDeploymentPostprocessing = 0;
			shellPath = /bin/sh;
			shellScript = "\"${SRCROOT}/Pods/Target Support Files/Pods-ContactsApp/Pods-ContactsApp-frameworks.sh\"\n";
			showEnvVarsInLog = 0;
		};
		644F2D9766CA7B63D9E59A53 /* [CP] Copy Pods Resources */ = {
			isa = PBXShellScriptBuildPhase;
			buildActionMask = 2147483647;
			files = (
			);
			inputPaths = (
			);
			name = "[CP] Copy Pods Resources";
			outputPaths = (
			);
			runOnlyForDeploymentPostprocessing = 0;
			shellPath = /bin/sh;
			shellScript = "\"${SRCROOT}/Pods/Target Support Files/Pods-ContactsApp/Pods-ContactsApp-resources.sh\"\n";
			showEnvVarsInLog = 0;
		};
/* End PBXShellScriptBuildPhase section */

/* Begin PBXSourcesBuildPhase section */
		AEF907921FB063FC005EA164 /* Sources */ = {
			isa = PBXSourcesBuildPhase;
			buildActionMask = 2147483647;
			files = (
				AEF907B01FB0666E005EA164 /* User.swift in Sources */,
				AEF9079C1FB063FC005EA164 /* UserTVC.swift in Sources */,
				AEF9079A1FB063FC005EA164 /* AppDelegate.swift in Sources */,
				AEF907B31FB06698005EA164 /* Database.swift in Sources */,
				AEF907AD1FB065CE005EA164 /* RandomUserService.swift in Sources */,
			);
			runOnlyForDeploymentPostprocessing = 0;
		};
/* End PBXSourcesBuildPhase section */

/* Begin PBXVariantGroup section */
		AEF9079D1FB063FC005EA164 /* Main.storyboard */ = {
			isa = PBXVariantGroup;
			children = (
				AEF9079E1FB063FC005EA164 /* Base */,
			);
			name = Main.storyboard;
			sourceTree = "<group>";
		};
		AEF907A21FB063FC005EA164 /* LaunchScreen.storyboard */ = {
			isa = PBXVariantGroup;
			children = (
				AEF907A31FB063FC005EA164 /* Base */,
			);
			name = LaunchScreen.storyboard;
			sourceTree = "<group>";
		};
/* End PBXVariantGroup section */

/* Begin XCBuildConfiguration section */
		AEF907A61FB063FC005EA164 /* Debug */ = {
			isa = XCBuildConfiguration;
			buildSettings = {
				ALWAYS_SEARCH_USER_PATHS = NO;
				CLANG_ANALYZER_NONNULL = YES;
				CLANG_ANALYZER_NUMBER_OBJECT_CONVERSION = YES_AGGRESSIVE;
				CLANG_CXX_LANGUAGE_STANDARD = "gnu++14";
				CLANG_CXX_LIBRARY = "libc++";
				CLANG_ENABLE_MODULES = YES;
				CLANG_ENABLE_OBJC_ARC = YES;
				CLANG_WARN_BLOCK_CAPTURE_AUTORELEASING = YES;
				CLANG_WARN_BOOL_CONVERSION = YES;
				CLANG_WARN_COMMA = YES;
				CLANG_WARN_CONSTANT_CONVERSION = YES;
				CLANG_WARN_DIRECT_OBJC_ISA_USAGE = YES_ERROR;
				CLANG_WARN_DOCUMENTATION_COMMENTS = YES;
				CLANG_WARN_EMPTY_BODY = YES;
				CLANG_WARN_ENUM_CONVERSION = YES;
				CLANG_WARN_INFINITE_RECURSION = YES;
				CLANG_WARN_INT_CONVERSION = YES;
				CLANG_WARN_NON_LITERAL_NULL_CONVERSION = YES;
				CLANG_WARN_OBJC_LITERAL_CONVERSION = YES;
				CLANG_WARN_OBJC_ROOT_CLASS = YES_ERROR;
				CLANG_WARN_RANGE_LOOP_ANALYSIS = YES;
				CLANG_WARN_STRICT_PROTOTYPES = YES;
				CLANG_WARN_SUSPICIOUS_MOVE = YES;
				CLANG_WARN_UNGUARDED_AVAILABILITY = YES_AGGRESSIVE;
				CLANG_WARN_UNREACHABLE_CODE = YES;
				CLANG_WARN__DUPLICATE_METHOD_MATCH = YES;
				CODE_SIGN_IDENTITY = "iPhone Developer";
				COPY_PHASE_STRIP = NO;
				DEBUG_INFORMATION_FORMAT = dwarf;
				ENABLE_STRICT_OBJC_MSGSEND = YES;
				ENABLE_TESTABILITY = YES;
				GCC_C_LANGUAGE_STANDARD = gnu11;
				GCC_DYNAMIC_NO_PIC = NO;
				GCC_NO_COMMON_BLOCKS = YES;
				GCC_OPTIMIZATION_LEVEL = 0;
				GCC_PREPROCESSOR_DEFINITIONS = (
					"DEBUG=1",
					"$(inherited)",
				);
				GCC_WARN_64_TO_32_BIT_CONVERSION = YES;
				GCC_WARN_ABOUT_RETURN_TYPE = YES_ERROR;
				GCC_WARN_UNDECLARED_SELECTOR = YES;
				GCC_WARN_UNINITIALIZED_AUTOS = YES_AGGRESSIVE;
				GCC_WARN_UNUSED_FUNCTION = YES;
				GCC_WARN_UNUSED_VARIABLE = YES;
				IPHONEOS_DEPLOYMENT_TARGET = 11.1;
				MTL_ENABLE_DEBUG_INFO = YES;
				ONLY_ACTIVE_ARCH = YES;
				SDKROOT = iphoneos;
				SWIFT_ACTIVE_COMPILATION_CONDITIONS = DEBUG;
				SWIFT_OPTIMIZATION_LEVEL = "-Onone";
			};
			name = Debug;
		};
		AEF907A71FB063FC005EA164 /* Release */ = {
			isa = XCBuildConfiguration;
			buildSettings = {
				ALWAYS_SEARCH_USER_PATHS = NO;
				CLANG_ANALYZER_NONNULL = YES;
				CLANG_ANALYZER_NUMBER_OBJECT_CONVERSION = YES_AGGRESSIVE;
				CLANG_CXX_LANGUAGE_STANDARD = "gnu++14";
				CLANG_CXX_LIBRARY = "libc++";
				CLANG_ENABLE_MODULES = YES;
				CLANG_ENABLE_OBJC_ARC = YES;
				CLANG_WARN_BLOCK_CAPTURE_AUTORELEASING = YES;
				CLANG_WARN_BOOL_CONVERSION = YES;
				CLANG_WARN_COMMA = YES;
				CLANG_WARN_CONSTANT_CONVERSION = YES;
				CLANG_WARN_DIRECT_OBJC_ISA_USAGE = YES_ERROR;
				CLANG_WARN_DOCUMENTATION_COMMENTS = YES;
				CLANG_WARN_EMPTY_BODY = YES;
				CLANG_WARN_ENUM_CONVERSION = YES;
				CLANG_WARN_INFINITE_RECURSION = YES;
				CLANG_WARN_INT_CONVERSION = YES;
				CLANG_WARN_NON_LITERAL_NULL_CONVERSION = YES;
				CLANG_WARN_OBJC_LITERAL_CONVERSION = YES;
				CLANG_WARN_OBJC_ROOT_CLASS = YES_ERROR;
				CLANG_WARN_RANGE_LOOP_ANALYSIS = YES;
				CLANG_WARN_STRICT_PROTOTYPES = YES;
				CLANG_WARN_SUSPICIOUS_MOVE = YES;
				CLANG_WARN_UNGUARDED_AVAILABILITY = YES_AGGRESSIVE;
				CLANG_WARN_UNREACHABLE_CODE = YES;
				CLANG_WARN__DUPLICATE_METHOD_MATCH = YES;
				CODE_SIGN_IDENTITY = "iPhone Developer";
				COPY_PHASE_STRIP = NO;
				DEBUG_INFORMATION_FORMAT = "dwarf-with-dsym";
				ENABLE_NS_ASSERTIONS = NO;
				ENABLE_STRICT_OBJC_MSGSEND = YES;
				GCC_C_LANGUAGE_STANDARD = gnu11;
				GCC_NO_COMMON_BLOCKS = YES;
				GCC_WARN_64_TO_32_BIT_CONVERSION = YES;
				GCC_WARN_ABOUT_RETURN_TYPE = YES_ERROR;
				GCC_WARN_UNDECLARED_SELECTOR = YES;
				GCC_WARN_UNINITIALIZED_AUTOS = YES_AGGRESSIVE;
				GCC_WARN_UNUSED_FUNCTION = YES;
				GCC_WARN_UNUSED_VARIABLE = YES;
				IPHONEOS_DEPLOYMENT_TARGET = 11.1;
				MTL_ENABLE_DEBUG_INFO = NO;
				SDKROOT = iphoneos;
				SWIFT_OPTIMIZATION_LEVEL = "-Owholemodule";
				VALIDATE_PRODUCT = YES;
			};
			name = Release;
		};
		AEF907A91FB063FC005EA164 /* Debug */ = {
			isa = XCBuildConfiguration;
			baseConfigurationReference = AAAE25617EEC2D3B3FA13A4D /* Pods-ContactsApp.debug.xcconfig */;
			buildSettings = {
				ASSETCATALOG_COMPILER_APPICON_NAME = AppIcon;
				CODE_SIGN_STYLE = Automatic;
				INFOPLIST_FILE = ContactsApp/Info.plist;
				IPHONEOS_DEPLOYMENT_TARGET = 9.0;
				LD_RUNPATH_SEARCH_PATHS = "$(inherited) @executable_path/Frameworks";
				PRODUCT_BUNDLE_IDENTIFIER = Main.ContactsApp;
				PRODUCT_NAME = "$(TARGET_NAME)";
				SWIFT_VERSION = 4.0;
				TARGETED_DEVICE_FAMILY = "1,2";
			};
			name = Debug;
		};
		AEF907AA1FB063FC005EA164 /* Release */ = {
			isa = XCBuildConfiguration;
			baseConfigurationReference = 476D228D6A9A0774F39F4D9B /* Pods-ContactsApp.release.xcconfig */;
			buildSettings = {
				ASSETCATALOG_COMPILER_APPICON_NAME = AppIcon;
				CODE_SIGN_STYLE = Automatic;
				INFOPLIST_FILE = ContactsApp/Info.plist;
				IPHONEOS_DEPLOYMENT_TARGET = 9.0;
				LD_RUNPATH_SEARCH_PATHS = "$(inherited) @executable_path/Frameworks";
				PRODUCT_BUNDLE_IDENTIFIER = Main.ContactsApp;
				PRODUCT_NAME = "$(TARGET_NAME)";
				SWIFT_VERSION = 4.0;
				TARGETED_DEVICE_FAMILY = "1,2";
			};
			name = Release;
		};
/* End XCBuildConfiguration section */

/* Begin XCConfigurationList section */
		AEF907911FB063FC005EA164 /* Build configuration list for PBXProject "ContactsApp" */ = {
			isa = XCConfigurationList;
			buildConfigurations = (
				AEF907A61FB063FC005EA164 /* Debug */,
				AEF907A71FB063FC005EA164 /* Release */,
			);
			defaultConfigurationIsVisible = 0;
			defaultConfigurationName = Release;
		};
		AEF907A81FB063FC005EA164 /* Build configuration list for PBXNativeTarget "ContactsApp" */ = {
			isa = XCConfigurationList;
			buildConfigurations = (
				AEF907A91FB063FC005EA164 /* Debug */,
				AEF907AA1FB063FC005EA164 /* Release */,
			);
			defaultConfigurationIsVisible = 0;
			defaultConfigurationName = Release;
		};
/* End XCConfigurationList section */
	};
	rootObject = AEF9078E1FB063FC005EA164 /* Project object */;
}
